
Microsoft Visual Studio Solution File, Format Version 12.00
# Visual Studio Version 17
VisualStudioVersion = 17.2.32602.215
MinimumVisualStudioVersion = 10.0.40219.1
Project("{8BC9CEB8-8B4A-11D0-8D11-00A0C91BC942}") = "Tetris_G2", "Tetris_G2\Tetris_G2.vcxproj", "{BCC49B71-C00E-4D5C-9CFA-8E8B43BB5880}"
EndProject
Global
	GlobalSection(SolutionConfigurationPlatforms) = preSolution
		Debug|x64 = Debug|x64
		Debug|x86 = Debug|x86
		Release|x64 = Release|x64
		Release|x86 = Release|x86
	EndGlobalSection
	GlobalSection(ProjectConfigurationPlatforms) = postSolution
		{BCC49B71-C00E-4D5C-9CFA-8E8B43BB5880}.Debug|x64.ActiveCfg = Debug|x64
		{BCC49B71-C00E-4D5C-9CFA-8E8B43BB5880}.Debug|x64.Build.0 = Debug|x64
		{BCC49B71-C00E-4D5C-9CFA-8E8B43BB5880}.Debug|x86.ActiveCfg = Debug|Win32
		{BCC49B71-C00E-4D5C-9CFA-8E8B43BB5880}.Debug|x86.Build.0 = Debug|Win32
		{BCC49B71-C00E-4D5C-9CFA-8E8B43BB5880}.Release|x64.ActiveCfg = Release|x64
		{BCC49B71-C00E-4D5C-9CFA-8E8B43BB5880}.Release|x64.Build.0 = Release|x64
		{BCC49B71-C00E-4D5C-9CFA-8E8B43BB5880}.Release|x86.ActiveCfg = Release|Win32
		{BCC49B71-C00E-4D5C-9CFA-8E8B43BB5880}.Release|x86.Build.0 = Release|Win32
	EndGlobalSection
	GlobalSection(SolutionProperties) = preSolution
		HideSolutionNode = FALSE
	EndGlobalSection
	GlobalSection(ExtensibilityGlobals) = postSolution
		SolutionGuid = {26F45B6A-6E63-4D49-AD99-8A000DA8BBBD}
	EndGlobalSection
EndGlobal
